// !$*UTF8*$!
{
	archiveVersion = 1;
	classes = {
	};
	objectVersion = 56;
	objects = {

/* Begin PBXBuildFile section */
		1CBBA9B729A33FD200C3B76C /* AppDelegate.swift in Sources */ = {isa = PBXBuildFile; fileRef = 1CBBA9B629A33FD200C3B76C /* AppDelegate.swift */; };
		1CBBA9B929A33FD200C3B76C /* SceneDelegate.swift in Sources */ = {isa = PBXBuildFile; fileRef = 1CBBA9B829A33FD200C3B76C /* SceneDelegate.swift */; };
		1CBBA9C029A33FD400C3B76C /* Assets.xcassets in Resources */ = {isa = PBXBuildFile; fileRef = 1CBBA9BF29A33FD400C3B76C /* Assets.xcassets */; };
		1CBBA9C329A33FD400C3B76C /* LaunchScreen.storyboard in Resources */ = {isa = PBXBuildFile; fileRef = 1CBBA9C129A33FD400C3B76C /* LaunchScreen.storyboard */; };
		1CBBA9CC29A45E7200C3B76C /* Alamofire in Frameworks */ = {isa = PBXBuildFile; productRef = 1CBBA9CB29A45E7200C3B76C /* Alamofire */; };
		1CBBA9CE29A48E5200C3B76C /* UnzipTest.swift in Sources */ = {isa = PBXBuildFile; fileRef = 1CBBA9CD29A48E5200C3B76C /* UnzipTest.swift */; };
		1CBBA9D429A588CB00C3B76C /* ZIPFoundation in Frameworks */ = {isa = PBXBuildFile; productRef = 1CBBA9D329A588CB00C3B76C /* ZIPFoundation */; };
		1CBBA9D829A5BCC000C3B76C /* UnzipTestTableViewCell.swift in Sources */ = {isa = PBXBuildFile; fileRef = 1CBBA9D729A5BCBF00C3B76C /* UnzipTestTableViewCell.swift */; };
		1CBBA9DB29A7068500C3B76C /* SnapKit in Frameworks */ = {isa = PBXBuildFile; productRef = 1CBBA9DA29A7068500C3B76C /* SnapKit */; };
/* End PBXBuildFile section */

/* Begin PBXFileReference section */
		1CBBA9B329A33FD200C3B76C /* URLTest.app */ = {isa = PBXFileReference; explicitFileType = wrapper.application; includeInIndex = 0; path = URLTest.app; sourceTree = BUILT_PRODUCTS_DIR; };
		1CBBA9B629A33FD200C3B76C /* AppDelegate.swift */ = {isa = PBXFileReference; lastKnownFileType = sourcecode.swift; path = AppDelegate.swift; sourceTree = "<group>"; };
		1CBBA9B829A33FD200C3B76C /* SceneDelegate.swift */ = {isa = PBXFileReference; lastKnownFileType = sourcecode.swift; path = SceneDelegate.swift; sourceTree = "<group>"; };
		1CBBA9BF29A33FD400C3B76C /* Assets.xcassets */ = {isa = PBXFileReference; lastKnownFileType = folder.assetcatalog; path = Assets.xcassets; sourceTree = "<group>"; };
		1CBBA9C229A33FD400C3B76C /* Base */ = {isa = PBXFileReference; lastKnownFileType = file.storyboard; name = Base; path = Base.lproj/LaunchScreen.storyboard; sourceTree = "<group>"; };
		1CBBA9C429A33FD400C3B76C /* Info.plist */ = {isa = PBXFileReference; lastKnownFileType = text.plist.xml; path = Info.plist; sourceTree = "<group>"; };
		1CBBA9CD29A48E5200C3B76C /* UnzipTest.swift */ = {isa = PBXFileReference; lastKnownFileType = sourcecode.swift; path = UnzipTest.swift; sourceTree = "<group>"; };
		1CBBA9D729A5BCBF00C3B76C /* UnzipTestTableViewCell.swift */ = {isa = PBXFileReference; lastKnownFileType = sourcecode.swift; path = UnzipTestTableViewCell.swift; sourceTree = "<group>"; };
/* End PBXFileReference section */

/* Begin PBXFrameworksBuildPhase section */
		1CBBA9B029A33FD200C3B76C /* Frameworks */ = {
			isa = PBXFrameworksBuildPhase;
			buildActionMask = 2147483647;
			files = (
				1CBBA9DB29A7068500C3B76C /* SnapKit in Frameworks */,
				1CBBA9CC29A45E7200C3B76C /* Alamofire in Frameworks */,
				1CBBA9D429A588CB00C3B76C /* ZIPFoundation in Frameworks */,
			);
			runOnlyForDeploymentPostprocessing = 0;
		};
/* End PBXFrameworksBuildPhase section */

/* Begin PBXGroup section */
		1CBBA9AA29A33FD200C3B76C = {
			isa = PBXGroup;
			children = (
				1CBBA9B529A33FD200C3B76C /* URLTest */,
				1CBBA9B429A33FD200C3B76C /* Products */,
			);
			sourceTree = "<group>";
		};
		1CBBA9B429A33FD200C3B76C /* Products */ = {
			isa = PBXGroup;
			children = (
				1CBBA9B329A33FD200C3B76C /* URLTest.app */,
			);
			name = Products;
			sourceTree = "<group>";
		};
		1CBBA9B529A33FD200C3B76C /* URLTest */ = {
			isa = PBXGroup;
			children = (
				1CBBA9B629A33FD200C3B76C /* AppDelegate.swift */,
				1CBBA9B829A33FD200C3B76C /* SceneDelegate.swift */,
				1CBBA9BF29A33FD400C3B76C /* Assets.xcassets */,
				1CBBA9C129A33FD400C3B76C /* LaunchScreen.storyboard */,
				1CBBA9C429A33FD400C3B76C /* Info.plist */,
				1CBBA9CD29A48E5200C3B76C /* UnzipTest.swift */,
				1CBBA9D729A5BCBF00C3B76C /* UnzipTestTableViewCell.swift */,
			);
			path = URLTest;
			sourceTree = "<group>";
		};
/* End PBXGroup section */

/* Begin PBXNativeTarget section */
		1CBBA9B229A33FD200C3B76C /* URLTest */ = {
			isa = PBXNativeTarget;
			buildConfigurationList = 1CBBA9C729A33FD400C3B76C /* Build configuration list for PBXNativeTarget "URLTest" */;
			buildPhases = (
				1CBBA9AF29A33FD200C3B76C /* Sources */,
				1CBBA9B029A33FD200C3B76C /* Frameworks */,
				1CBBA9B129A33FD200C3B76C /* Resources */,
			);
			buildRules = (
			);
			dependencies = (
			);
			name = URLTest;
			packageProductDependencies = (
				1CBBA9CB29A45E7200C3B76C /* Alamofire */,
				1CBBA9D329A588CB00C3B76C /* ZIPFoundation */,
				1CBBA9DA29A7068500C3B76C /* SnapKit */,
			);
			productName = URLTest;
			productReference = 1CBBA9B329A33FD200C3B76C /* URLTest.app */;
			productType = "com.apple.product-type.application";
		};
/* End PBXNativeTarget section */

/* Begin PBXProject section */
		1CBBA9AB29A33FD200C3B76C /* Project object */ = {
			isa = PBXProject;
			attributes = {
				BuildIndependentTargetsInParallel = 1;
				LastSwiftUpdateCheck = 1420;
				LastUpgradeCheck = 1420;
				TargetAttributes = {
					1CBBA9B229A33FD200C3B76C = {
						CreatedOnToolsVersion = 14.2;
					};
				};
			};
			buildConfigurationList = 1CBBA9AE29A33FD200C3B76C /* Build configuration list for PBXProject "URLTest" */;
			compatibilityVersion = "Xcode 14.0";
			developmentRegion = en;
			hasScannedForEncodings = 0;
			knownRegions = (
				en,
				Base,
			);
			mainGroup = 1CBBA9AA29A33FD200C3B76C;
			packageReferences = (
				1CBBA9CA29A45E7200C3B76C /* XCRemoteSwiftPackageReference "Alamofire" */,
				1CBBA9D229A588CB00C3B76C /* XCRemoteSwiftPackageReference "ZIPFoundation" */,
				1CBBA9D929A7068500C3B76C /* XCRemoteSwiftPackageReference "SnapKit" */,
			);
			productRefGroup = 1CBBA9B429A33FD200C3B76C /* Products */;
			projectDirPath = "";
			projectRoot = "";
			targets = (
				1CBBA9B229A33FD200C3B76C /* URLTest */,
			);
		};
/* End PBXProject section */

/* Begin PBXResourcesBuildPhase section */
		1CBBA9B129A33FD200C3B76C /* Resources */ = {
			isa = PBXResourcesBuildPhase;
			buildActionMask = 2147483647;
			files = (
				1CBBA9C329A33FD400C3B76C /* LaunchScreen.storyboard in Resources */,
				1CBBA9C029A33FD400C3B76C /* Assets.xcassets in Resources */,
			);
			runOnlyForDeploymentPostprocessing = 0;
		};
/* End PBXResourcesBuildPhase section */

/* Begin PBXSourcesBuildPhase section */
		1CBBA9AF29A33FD200C3B76C /* Sources */ = {
			isa = PBXSourcesBuildPhase;
			buildActionMask = 2147483647;
			files = (
				1CBBA9CE29A48E5200C3B76C /* UnzipTest.swift in Sources */,
				1CBBA9D829A5BCC000C3B76C /* UnzipTestTableViewCell.swift in Sources */,
				1CBBA9B729A33FD200C3B76C /* AppDelegate.swift in Sources */,
				1CBBA9B929A33FD200C3B76C /* SceneDelegate.swift in Sources */,
			);
			runOnlyForDeploymentPostprocessing = 0;
		};
/* End PBXSourcesBuildPhase section */

/* Begin PBXVariantGroup section */
		1CBBA9C129A33FD400C3B76C /* LaunchScreen.storyboard */ = {
			isa = PBXVariantGroup;
			children = (
				1CBBA9C229A33FD400C3B76C /* Base */,
			);
			name = LaunchScreen.storyboard;
			sourceTree = "<group>";
		};
/* End PBXVariantGroup section */

/* Begin XCBuildConfiguration section */
		1CBBA9C529A33FD400C3B76C /* Debug */ = {
			isa = XCBuildConfiguration;
			buildSettings = {
				ALWAYS_SEARCH_USER_PATHS = NO;
				CLANG_ANALYZER_NONNULL = YES;
				CLANG_ANALYZER_NUMBER_OBJECT_CONVERSION = YES_AGGRESSIVE;
				CLANG_CXX_LANGUAGE_STANDARD = "gnu++20";
				CLANG_ENABLE_MODULES = YES;
				CLANG_ENABLE_OBJC_ARC = YES;
				CLANG_ENABLE_OBJC_WEAK = YES;
				CLANG_WARN_BLOCK_CAPTURE_AUTORELEASING = YES;
				CLANG_WARN_BOOL_CONVERSION = YES;
				CLANG_WARN_COMMA = YES;
				CLANG_WARN_CONSTANT_CONVERSION = YES;
				CLANG_WARN_DEPRECATED_OBJC_IMPLEMENTATIONS = YES;
				CLANG_WARN_DIRECT_OBJC_ISA_USAGE = YES_ERROR;
				CLANG_WARN_DOCUMENTATION_COMMENTS = YES;
				CLANG_WARN_EMPTY_BODY = YES;
				CLANG_WARN_ENUM_CONVERSION = YES;
				CLANG_WARN_INFINITE_RECURSION = YES;
				CLANG_WARN_INT_CONVERSION = YES;
				CLANG_WARN_NON_LITERAL_NULL_CONVERSION = YES;
				CLANG_WARN_OBJC_IMPLICIT_RETAIN_SELF = YES;
				CLANG_WARN_OBJC_LITERAL_CONVERSION = YES;
				CLANG_WARN_OBJC_ROOT_CLASS = YES_ERROR;
				CLANG_WARN_QUOTED_INCLUDE_IN_FRAMEWORK_HEADER = YES;
				CLANG_WARN_RANGE_LOOP_ANALYSIS = YES;
				CLANG_WARN_STRICT_PROTOTYPES = YES;
				CLANG_WARN_SUSPICIOUS_MOVE = YES;
				CLANG_WARN_UNGUARDED_AVAILABILITY = YES_AGGRESSIVE;
				CLANG_WARN_UNREACHABLE_CODE = YES;
				CLANG_WARN__DUPLICATE_METHOD_MATCH = YES;
				COPY_PHASE_STRIP = NO;
				DEBUG_INFORMATION_FORMAT = dwarf;
				ENABLE_STRICT_OBJC_MSGSEND = YES;
				ENABLE_TESTABILITY = YES;
				GCC_C_LANGUAGE_STANDARD = gnu11;
				GCC_DYNAMIC_NO_PIC = NO;
				GCC_NO_COMMON_BLOCKS = YES;
				GCC_OPTIMIZATION_LEVEL = 0;
				GCC_PREPROCESSOR_DEFINITIONS = (
					"DEBUG=1",
					"$(inherited)",
				);
				GCC_WARN_64_TO_32_BIT_CONVERSION = YES;
				GCC_WARN_ABOUT_RETURN_TYPE = YES_ERROR;
				GCC_WARN_UNDECLARED_SELECTOR = YES;
				GCC_WARN_UNINITIALIZED_AUTOS = YES_AGGRESSIVE;
				GCC_WARN_UNUSED_FUNCTION = YES;
				GCC_WARN_UNUSED_VARIABLE = YES;
				IPHONEOS_DEPLOYMENT_TARGET = 16.2;
				MTL_ENABLE_DEBUG_INFO = INCLUDE_SOURCE;
				MTL_FAST_MATH = YES;
				ONLY_ACTIVE_ARCH = YES;
				SDKROOT = iphoneos;
				SWIFT_ACTIVE_COMPILATION_CONDITIONS = DEBUG;
				SWIFT_OPTIMIZATION_LEVEL = "-Onone";
			};
			name = Debug;
		};
		1CBBA9C629A33FD400C3B76C /* Release */ = {
			isa = XCBuildConfiguration;
			buildSettings = {
				ALWAYS_SEARCH_USER_PATHS = NO;
				CLANG_ANALYZER_NONNULL = YES;
				CLANG_ANALYZER_NUMBER_OBJECT_CONVERSION = YES_AGGRESSIVE;
				CLANG_CXX_LANGUAGE_STANDARD = "gnu++20";
				CLANG_ENABLE_MODULES = YES;
				CLANG_ENABLE_OBJC_ARC = YES;
				CLANG_ENABLE_OBJC_WEAK = YES;
				CLANG_WARN_BLOCK_CAPTURE_AUTORELEASING = YES;
				CLANG_WARN_BOOL_CONVERSION = YES;
				CLANG_WARN_COMMA = YES;
				CLANG_WARN_CONSTANT_CONVERSION = YES;
				CLANG_WARN_DEPRECATED_OBJC_IMPLEMENTATIONS = YES;
				CLANG_WARN_DIRECT_OBJC_ISA_USAGE = YES_ERROR;
				CLANG_WARN_DOCUMENTATION_COMMENTS = YES;
				CLANG_WARN_EMPTY_BODY = YES;
				CLANG_WARN_ENUM_CONVERSION = YES;
				CLANG_WARN_INFINITE_RECURSION = YES;
				CLANG_WARN_INT_CONVERSION = YES;
				CLANG_WARN_NON_LITERAL_NULL_CONVERSION = YES;
				CLANG_WARN_OBJC_IMPLICIT_RETAIN_SELF = YES;
				CLANG_WARN_OBJC_LITERAL_CONVERSION = YES;
				CLANG_WARN_OBJC_ROOT_CLASS = YES_ERROR;
				CLANG_WARN_QUOTED_INCLUDE_IN_FRAMEWORK_HEADER = YES;
				CLANG_WARN_RANGE_LOOP_ANALYSIS = YES;
				CLANG_WARN_STRICT_PROTOTYPES = YES;
				CLANG_WARN_SUSPICIOUS_MOVE = YES;
				CLANG_WARN_UNGUARDED_AVAILABILITY = YES_AGGRESSIVE;
				CLANG_WARN_UNREACHABLE_CODE = YES;
				CLANG_WARN__DUPLICATE_METHOD_MATCH = YES;
				COPY_PHASE_STRIP = NO;
				DEBUG_INFORMATION_FORMAT = "dwarf-with-dsym";
				ENABLE_NS_ASSERTIONS = NO;
				ENABLE_STRICT_OBJC_MSGSEND = YES;
				GCC_C_LANGUAGE_STANDARD = gnu11;
				GCC_NO_COMMON_BLOCKS = YES;
				GCC_WARN_64_TO_32_BIT_CONVERSION = YES;
				GCC_WARN_ABOUT_RETURN_TYPE = YES_ERROR;
				GCC_WARN_UNDECLARED_SELECTOR = YES;
				GCC_WARN_UNINITIALIZED_AUTOS = YES_AGGRESSIVE;
				GCC_WARN_UNUSED_FUNCTION = YES;
				GCC_WARN_UNUSED_VARIABLE = YES;
				IPHONEOS_DEPLOYMENT_TARGET = 16.2;
				MTL_ENABLE_DEBUG_INFO = NO;
				MTL_FAST_MATH = YES;
				SDKROOT = iphoneos;
				SWIFT_COMPILATION_MODE = wholemodule;
				SWIFT_OPTIMIZATION_LEVEL = "-O";
				VALIDATE_PRODUCT = YES;
			};
			name = Release;
		};
		1CBBA9C829A33FD400C3B76C /* Debug */ = {
			isa = XCBuildConfiguration;
			buildSettings = {
				ASSETCATALOG_COMPILER_APPICON_NAME = AppIcon;
				ASSETCATALOG_COMPILER_GLOBAL_ACCENT_COLOR_NAME = AccentColor;
				CODE_SIGN_STYLE = Automatic;
				CURRENT_PROJECT_VERSION = 1;
				DEVELOPMENT_TEAM = 2RQ8P2TFQ4;
				GENERATE_INFOPLIST_FILE = YES;
				INFOPLIST_FILE = URLTest/Info.plist;
				INFOPLIST_KEY_UIApplicationSupportsIndirectInputEvents = YES;
				INFOPLIST_KEY_UILaunchStoryboardName = LaunchScreen;
				INFOPLIST_KEY_UISupportedInterfaceOrientations_iPad = "UIInterfaceOrientationPortrait UIInterfaceOrientationPortraitUpsideDown UIInterfaceOrientationLandscapeLeft UIInterfaceOrientationLandscapeRight";
				INFOPLIST_KEY_UISupportedInterfaceOrientations_iPhone = "UIInterfaceOrientationPortrait UIInterfaceOrientationLandscapeLeft UIInterfaceOrientationLandscapeRight";
				LD_RUNPATH_SEARCH_PATHS = (
					"$(inherited)",
					"@executable_path/Frameworks",
				);
				MARKETING_VERSION = 1.0;
				PRODUCT_BUNDLE_IDENTIFIER = medicalip.com.URLTest;
				PRODUCT_NAME = "$(TARGET_NAME)";
				SWIFT_EMIT_LOC_STRINGS = YES;
				SWIFT_VERSION = 5.0;
				TARGETED_DEVICE_FAMILY = "1,2";
			};
			name = Debug;
		};
		1CBBA9C929A33FD400C3B76C /* Release */ = {
			isa = XCBuildConfiguration;
			buildSettings = {
				ASSETCATALOG_COMPILER_APPICON_NAME = AppIcon;
				ASSETCATALOG_COMPILER_GLOBAL_ACCENT_COLOR_NAME = AccentColor;
				CODE_SIGN_STYLE = Automatic;
				CURRENT_PROJECT_VERSION = 1;
				DEVELOPMENT_TEAM = 2RQ8P2TFQ4;
				GENERATE_INFOPLIST_FILE = YES;
				INFOPLIST_FILE = URLTest/Info.plist;
				INFOPLIST_KEY_UIApplicationSupportsIndirectInputEvents = YES;
				INFOPLIST_KEY_UILaunchStoryboardName = LaunchScreen;
				INFOPLIST_KEY_UISupportedInterfaceOrientations_iPad = "UIInterfaceOrientationPortrait UIInterfaceOrientationPortraitUpsideDown UIInterfaceOrientationLandscapeLeft UIInterfaceOrientationLandscapeRight";
				INFOPLIST_KEY_UISupportedInterfaceOrientations_iPhone = "UIInterfaceOrientationPortrait UIInterfaceOrientationLandscapeLeft UIInterfaceOrientationLandscapeRight";
				LD_RUNPATH_SEARCH_PATHS = (
					"$(inherited)",
					"@executable_path/Frameworks",
				);
				MARKETING_VERSION = 1.0;
				PRODUCT_BUNDLE_IDENTIFIER = medicalip.com.URLTest;
				PRODUCT_NAME = "$(TARGET_NAME)";
				SWIFT_EMIT_LOC_STRINGS = YES;
				SWIFT_VERSION = 5.0;
				TARGETED_DEVICE_FAMILY = "1,2";
			};
			name = Release;
		};
/* End XCBuildConfiguration section */

/* Begin XCConfigurationList section */
		1CBBA9AE29A33FD200C3B76C /* Build configuration list for PBXProject "URLTest" */ = {
			isa = XCConfigurationList;
			buildConfigurations = (
				1CBBA9C529A33FD400C3B76C /* Debug */,
				1CBBA9C629A33FD400C3B76C /* Release */,
			);
			defaultConfigurationIsVisible = 0;
			defaultConfigurationName = Release;
		};
		1CBBA9C729A33FD400C3B76C /* Build configuration list for PBXNativeTarget "URLTest" */ = {
			isa = XCConfigurationList;
			buildConfigurations = (
				1CBBA9C829A33FD400C3B76C /* Debug */,
				1CBBA9C929A33FD400C3B76C /* Release */,
			);
			defaultConfigurationIsVisible = 0;
			defaultConfigurationName = Release;
		};
/* End XCConfigurationList section */

/* Begin XCRemoteSwiftPackageReference section */
		1CBBA9CA29A45E7200C3B76C /* XCRemoteSwiftPackageReference "Alamofire" */ = {
			isa = XCRemoteSwiftPackageReference;
			repositoryURL = "https://github.com/Alamofire/Alamofire.git";
			requirement = {
				kind = upToNextMajorVersion;
				minimumVersion = 5.0.0;
			};
		};
		1CBBA9D229A588CB00C3B76C /* XCRemoteSwiftPackageReference "ZIPFoundation" */ = {
			isa = XCRemoteSwiftPackageReference;
			repositoryURL = "https://github.com/weichsel/ZIPFoundation.git";
			requirement = {
				branch = development;
				kind = branch;
			};
		};
		1CBBA9D929A7068500C3B76C /* XCRemoteSwiftPackageReference "SnapKit" */ = {
			isa = XCRemoteSwiftPackageReference;
			repositoryURL = "https://github.com/SnapKit/SnapKit.git";
			requirement = {
				kind = upToNextMajorVersion;
				minimumVersion = 5.0.0;
			};
		};
/* End XCRemoteSwiftPackageReference section */

/* Begin XCSwiftPackageProductDependency section */
		1CBBA9CB29A45E7200C3B76C /* Alamofire */ = {
			isa = XCSwiftPackageProductDependency;
			package = 1CBBA9CA29A45E7200C3B76C /* XCRemoteSwiftPackageReference "Alamofire" */;
			productName = Alamofire;
		};
		1CBBA9D329A588CB00C3B76C /* ZIPFoundation */ = {
			isa = XCSwiftPackageProductDependency;
			package = 1CBBA9D229A588CB00C3B76C /* XCRemoteSwiftPackageReference "ZIPFoundation" */;
			productName = ZIPFoundation;
		};
		1CBBA9DA29A7068500C3B76C /* SnapKit */ = {
			isa = XCSwiftPackageProductDependency;
			package = 1CBBA9D929A7068500C3B76C /* XCRemoteSwiftPackageReference "SnapKit" */;
			productName = SnapKit;
		};
/* End XCSwiftPackageProductDependency section */
	};
	rootObject = 1CBBA9AB29A33FD200C3B76C /* Project object */;
}
